
Microsoft Visual Studio Solution File, Format Version 12.00
# Visual Studio 15
VisualStudioVersion = 15.0.27004.2010
MinimumVisualStudioVersion = 10.0.40219.1
Project("{FAE04EC0-301F-11D3-BF4B-00C04F79EFBC}") = "Framework", "Framework\Framework.csproj", "{BA7B120B-7915-4DD1-8ADF-6409AB1930C0}"
EndProject
Project("{FAE04EC0-301F-11D3-BF4B-00C04F79EFBC}") = "Loreal", "Loreal\Loreal.csproj", "{4474D053-88AF-404A-B86B-F4EE406C0EE0}"
	ProjectSection(ProjectDependencies) = postProject
		{BA7B120B-7915-4DD1-8ADF-6409AB1930C0} = {BA7B120B-7915-4DD1-8ADF-6409AB1930C0}
	EndProjectSection
EndProject
Global
	GlobalSection(SolutionConfigurationPlatforms) = preSolution
		Debug|Any CPU = Debug|Any CPU
		Release|Any CPU = Release|Any CPU
	EndGlobalSection
	GlobalSection(ProjectConfigurationPlatforms) = postSolution
		{BA7B120B-7915-4DD1-8ADF-6409AB1930C0}.Debug|Any CPU.ActiveCfg = Debug|Any CPU
		{BA7B120B-7915-4DD1-8ADF-6409AB1930C0}.Debug|Any CPU.Build.0 = Debug|Any CPU
		{BA7B120B-7915-4DD1-8ADF-6409AB1930C0}.Release|Any CPU.ActiveCfg = Release|Any CPU
		{BA7B120B-7915-4DD1-8ADF-6409AB1930C0}.Release|Any CPU.Build.0 = Release|Any CPU
		{4474D053-88AF-404A-B86B-F4EE406C0EE0}.Debug|Any CPU.ActiveCfg = Debug|Any CPU
		{4474D053-88AF-404A-B86B-F4EE406C0EE0}.Debug|Any CPU.Build.0 = Debug|Any CPU
		{4474D053-88AF-404A-B86B-F4EE406C0EE0}.Release|Any CPU.ActiveCfg = Release|Any CPU
		{4474D053-88AF-404A-B86B-F4EE406C0EE0}.Release|Any CPU.Build.0 = Release|Any CPU
	EndGlobalSection
	GlobalSection(SolutionProperties) = preSolution
		HideSolutionNode = FALSE
	EndGlobalSection
	GlobalSection(ExtensibilityGlobals) = postSolution
		SolutionGuid = {97215349-587B-43FC-930E-0EC6113ED6C4}
	EndGlobalSection
EndGlobal
